// !$*UTF8*$!
{
	archiveVersion = 1;
	classes = {
	};
	objectVersion = 51;
	objects = {

/* Begin PBXBuildFile section */
		915724D15D8EBBD96C64B303 /* Pods_Mola.framework in Frameworks */ = {isa = PBXBuildFile; fileRef = 0F2EF5095118F121AAE29E91 /* Pods_Mola.framework */; };
		DA1F0544263D443200BE9E27 /* NavigationVC.swift in Sources */ = {isa = PBXBuildFile; fileRef = DA1F0543263D443200BE9E27 /* NavigationVC.swift */; };
		DA1F0547263D495E00BE9E27 /* BottomDrawerSupplemental.swift in Sources */ = {isa = PBXBuildFile; fileRef = DA1F0546263D495E00BE9E27 /* BottomDrawerSupplemental.swift */; };
		DA6C3022263A9F8E006574FB /* MainVC.swift in Sources */ = {isa = PBXBuildFile; fileRef = DA6C3021263A9F8E006574FB /* MainVC.swift */; };
		DA6C302E263AB6B4006574FB /* String+Extansion.swift in Sources */ = {isa = PBXBuildFile; fileRef = DA6C302D263AB6B4006574FB /* String+Extansion.swift */; };
		DA8D099C262C1B7700CF83F1 /* SignUpVC.swift in Sources */ = {isa = PBXBuildFile; fileRef = DA8D099B262C1B7700CF83F1 /* SignUpVC.swift */; };
		DA9382BC2639368300A04F25 /* SignUpModel.swift in Sources */ = {isa = PBXBuildFile; fileRef = DA9382BB2639368300A04F25 /* SignUpModel.swift */; };
		DA9382C0263937FC00A04F25 /* SignUpCell.swift in Sources */ = {isa = PBXBuildFile; fileRef = DA9382BF263937FC00A04F25 /* SignUpCell.swift */; };
		DAA18FBB26426BCB006E37DA /* OrderModel.swift in Sources */ = {isa = PBXBuildFile; fileRef = DAA18FBA26426BCB006E37DA /* OrderModel.swift */; };
		DAA18FBE26426BE5006E37DA /* MainCell.swift in Sources */ = {isa = PBXBuildFile; fileRef = DAA18FBD26426BE5006E37DA /* MainCell.swift */; };
		DAA18FC126427915006E37DA /* OrderVC.swift in Sources */ = {isa = PBXBuildFile; fileRef = DAA18FC026427915006E37DA /* OrderVC.swift */; };
		DAABCE0A264A732F0067DD98 /* MyPageVC.swift in Sources */ = {isa = PBXBuildFile; fileRef = DAABCE09264A732F0067DD98 /* MyPageVC.swift */; };
		DAABCE1E264D3CB30067DD98 /* CustomSideMenuVC.swift in Sources */ = {isa = PBXBuildFile; fileRef = DAABCE1D264D3CB30067DD98 /* CustomSideMenuVC.swift */; };
		DAABCE28265232A70067DD98 /* OrderMenuVC.swift in Sources */ = {isa = PBXBuildFile; fileRef = DAABCE27265232A70067DD98 /* OrderMenuVC.swift */; };
		DAABCE2B265234E60067DD98 /* MyOrderModel.swift in Sources */ = {isa = PBXBuildFile; fileRef = DAABCE2A265234E60067DD98 /* MyOrderModel.swift */; };
		DAABCE2E265237130067DD98 /* MyOrderCell.swift in Sources */ = {isa = PBXBuildFile; fileRef = DAABCE2D265237130067DD98 /* MyOrderCell.swift */; };
		DABFBBEF262ABAD70057EBDC /* AppDelegate.swift in Sources */ = {isa = PBXBuildFile; fileRef = DABFBBEE262ABAD70057EBDC /* AppDelegate.swift */; };
		DABFBBF1262ABAD70057EBDC /* SceneDelegate.swift in Sources */ = {isa = PBXBuildFile; fileRef = DABFBBF0262ABAD70057EBDC /* SceneDelegate.swift */; };
		DABFBBF3262ABAD70057EBDC /* LoginVC.swift in Sources */ = {isa = PBXBuildFile; fileRef = DABFBBF2262ABAD70057EBDC /* LoginVC.swift */; };
		DABFBBF8262ABAD80057EBDC /* Assets.xcassets in Resources */ = {isa = PBXBuildFile; fileRef = DABFBBF7262ABAD80057EBDC /* Assets.xcassets */; };
		DABFBBFB262ABAD80057EBDC /* LaunchScreen.storyboard in Resources */ = {isa = PBXBuildFile; fileRef = DABFBBF9262ABAD80057EBDC /* LaunchScreen.storyboard */; };
		DADBD9A626381202004C522B /* SloyTextField.swift in Sources */ = {isa = PBXBuildFile; fileRef = DADBD9A526381202004C522B /* SloyTextField.swift */; };
		DADBD9B2263813D6004C522B /* SplashVC.swift in Sources */ = {isa = PBXBuildFile; fileRef = DADBD9B1263813D6004C522B /* SplashVC.swift */; };
		DADBD9B526381AFD004C522B /* DeviceManager.swift in Sources */ = {isa = PBXBuildFile; fileRef = DADBD9B426381AFD004C522B /* DeviceManager.swift */; };
/* End PBXBuildFile section */

/* Begin PBXFileReference section */
		0F2EF5095118F121AAE29E91 /* Pods_Mola.framework */ = {isa = PBXFileReference; explicitFileType = wrapper.framework; includeInIndex = 0; path = Pods_Mola.framework; sourceTree = BUILT_PRODUCTS_DIR; };
		8B8605BC1D007FC807FCA9BB /* Pods-Mola.debug.xcconfig */ = {isa = PBXFileReference; includeInIndex = 1; lastKnownFileType = text.xcconfig; name = "Pods-Mola.debug.xcconfig"; path = "Target Support Files/Pods-Mola/Pods-Mola.debug.xcconfig"; sourceTree = "<group>"; };
		D810955494EFB69E61777DC0 /* Pods-Mola.release.xcconfig */ = {isa = PBXFileReference; includeInIndex = 1; lastKnownFileType = text.xcconfig; name = "Pods-Mola.release.xcconfig"; path = "Target Support Files/Pods-Mola/Pods-Mola.release.xcconfig"; sourceTree = "<group>"; };
		DA1F0543263D443200BE9E27 /* NavigationVC.swift */ = {isa = PBXFileReference; lastKnownFileType = sourcecode.swift; path = NavigationVC.swift; sourceTree = "<group>"; };
		DA1F0546263D495E00BE9E27 /* BottomDrawerSupplemental.swift */ = {isa = PBXFileReference; lastKnownFileType = sourcecode.swift; name = BottomDrawerSupplemental.swift; path = Mola/Views/BottomDrawerSupplemental.swift; sourceTree = SOURCE_ROOT; };
		DA6C3021263A9F8E006574FB /* MainVC.swift */ = {isa = PBXFileReference; lastKnownFileType = sourcecode.swift; path = MainVC.swift; sourceTree = "<group>"; };
		DA6C302D263AB6B4006574FB /* String+Extansion.swift */ = {isa = PBXFileReference; lastKnownFileType = sourcecode.swift; path = "String+Extansion.swift"; sourceTree = "<group>"; };
		DA8D099B262C1B7700CF83F1 /* SignUpVC.swift */ = {isa = PBXFileReference; lastKnownFileType = sourcecode.swift; path = SignUpVC.swift; sourceTree = "<group>"; };
		DA9382BB2639368300A04F25 /* SignUpModel.swift */ = {isa = PBXFileReference; lastKnownFileType = sourcecode.swift; path = SignUpModel.swift; sourceTree = "<group>"; };
		DA9382BF263937FC00A04F25 /* SignUpCell.swift */ = {isa = PBXFileReference; lastKnownFileType = sourcecode.swift; name = SignUpCell.swift; path = Mola/Views/SignUpCell.swift; sourceTree = SOURCE_ROOT; };
		DAA18FBA26426BCB006E37DA /* OrderModel.swift */ = {isa = PBXFileReference; lastKnownFileType = sourcecode.swift; path = OrderModel.swift; sourceTree = "<group>"; };
		DAA18FBD26426BE5006E37DA /* MainCell.swift */ = {isa = PBXFileReference; lastKnownFileType = sourcecode.swift; path = MainCell.swift; sourceTree = "<group>"; };
		DAA18FC026427915006E37DA /* OrderVC.swift */ = {isa = PBXFileReference; lastKnownFileType = sourcecode.swift; path = OrderVC.swift; sourceTree = "<group>"; };
		DAABCE09264A732F0067DD98 /* MyPageVC.swift */ = {isa = PBXFileReference; lastKnownFileType = sourcecode.swift; path = MyPageVC.swift; sourceTree = "<group>"; };
		DAABCE1D264D3CB30067DD98 /* CustomSideMenuVC.swift */ = {isa = PBXFileReference; lastKnownFileType = sourcecode.swift; name = CustomSideMenuVC.swift; path = /Users/minryul/Documents/Mola/Mola/CustomSideMenuVC.swift; sourceTree = "<absolute>"; };
		DAABCE27265232A70067DD98 /* OrderMenuVC.swift */ = {isa = PBXFileReference; lastKnownFileType = sourcecode.swift; path = OrderMenuVC.swift; sourceTree = "<group>"; };
		DAABCE2A265234E60067DD98 /* MyOrderModel.swift */ = {isa = PBXFileReference; lastKnownFileType = sourcecode.swift; path = MyOrderModel.swift; sourceTree = "<group>"; };
		DAABCE2D265237130067DD98 /* MyOrderCell.swift */ = {isa = PBXFileReference; lastKnownFileType = sourcecode.swift; path = MyOrderCell.swift; sourceTree = "<group>"; };
		DABFBBEB262ABAD70057EBDC /* Mola.app */ = {isa = PBXFileReference; explicitFileType = wrapper.application; includeInIndex = 0; path = Mola.app; sourceTree = BUILT_PRODUCTS_DIR; };
		DABFBBEE262ABAD70057EBDC /* AppDelegate.swift */ = {isa = PBXFileReference; lastKnownFileType = sourcecode.swift; path = AppDelegate.swift; sourceTree = "<group>"; };
		DABFBBF0262ABAD70057EBDC /* SceneDelegate.swift */ = {isa = PBXFileReference; lastKnownFileType = sourcecode.swift; path = SceneDelegate.swift; sourceTree = "<group>"; };
		DABFBBF2262ABAD70057EBDC /* LoginVC.swift */ = {isa = PBXFileReference; lastKnownFileType = sourcecode.swift; path = LoginVC.swift; sourceTree = "<group>"; };
		DABFBBF7262ABAD80057EBDC /* Assets.xcassets */ = {isa = PBXFileReference; lastKnownFileType = folder.assetcatalog; path = Assets.xcassets; sourceTree = "<group>"; };
		DABFBBFA262ABAD80057EBDC /* Base */ = {isa = PBXFileReference; lastKnownFileType = file.storyboard; name = Base; path = Base.lproj/LaunchScreen.storyboard; sourceTree = "<group>"; };
		DABFBBFC262ABAD80057EBDC /* Info.plist */ = {isa = PBXFileReference; lastKnownFileType = text.plist.xml; path = Info.plist; sourceTree = "<group>"; };
		DADBD9A526381202004C522B /* SloyTextField.swift */ = {isa = PBXFileReference; lastKnownFileType = sourcecode.swift; path = SloyTextField.swift; sourceTree = "<group>"; };
		DADBD9B1263813D6004C522B /* SplashVC.swift */ = {isa = PBXFileReference; lastKnownFileType = sourcecode.swift; path = SplashVC.swift; sourceTree = "<group>"; };
		DADBD9B426381AFD004C522B /* DeviceManager.swift */ = {isa = PBXFileReference; lastKnownFileType = sourcecode.swift; path = DeviceManager.swift; sourceTree = "<group>"; };
/* End PBXFileReference section */

/* Begin PBXFrameworksBuildPhase section */
		DABFBBE8262ABAD70057EBDC /* Frameworks */ = {
			isa = PBXFrameworksBuildPhase;
			buildActionMask = 2147483647;
			files = (
				915724D15D8EBBD96C64B303 /* Pods_Mola.framework in Frameworks */,
			);
			runOnlyForDeploymentPostprocessing = 0;
		};
/* End PBXFrameworksBuildPhase section */

/* Begin PBXGroup section */
		1F56DC835673ED54D21745CD /* Frameworks */ = {
			isa = PBXGroup;
			children = (
				0F2EF5095118F121AAE29E91 /* Pods_Mola.framework */,
			);
			name = Frameworks;
			sourceTree = "<group>";
		};
		DA6C302B263AB43D006574FB /* Views */ = {
			isa = PBXGroup;
			children = (
				DA1F0546263D495E00BE9E27 /* BottomDrawerSupplemental.swift */,
				DA9382BF263937FC00A04F25 /* SignUpCell.swift */,
				DAA18FBD26426BE5006E37DA /* MainCell.swift */,
				DAABCE2D265237130067DD98 /* MyOrderCell.swift */,
			);
			path = Views;
			sourceTree = "<group>";
		};
		DA9382BA2639363200A04F25 /* Model */ = {
			isa = PBXGroup;
			children = (
				DA9382BB2639368300A04F25 /* SignUpModel.swift */,
				DAA18FBA26426BCB006E37DA /* OrderModel.swift */,
				DAABCE2A265234E60067DD98 /* MyOrderModel.swift */,
			);
			path = Model;
			sourceTree = "<group>";
		};
		DABFBBE2262ABAD70057EBDC = {
			isa = PBXGroup;
			children = (
				DABFBBED262ABAD70057EBDC /* Mola */,
				DABFBBEC262ABAD70057EBDC /* Products */,
				DCCA126E99D59AA2A7D1B94D /* Pods */,
				1F56DC835673ED54D21745CD /* Frameworks */,
			);
			sourceTree = "<group>";
		};
		DABFBBEC262ABAD70057EBDC /* Products */ = {
			isa = PBXGroup;
			children = (
				DABFBBEB262ABAD70057EBDC /* Mola.app */,
			);
			name = Products;
			sourceTree = "<group>";
		};
		DABFBBED262ABAD70057EBDC /* Mola */ = {
			isa = PBXGroup;
			children = (
				DA6C302B263AB43D006574FB /* Views */,
				DA9382BA2639363200A04F25 /* Model */,
				DADBD9BD263823EF004C522B /* Manager */,
				DADBD9A4263811ED004C522B /* Extension */,
				DABFBC03262AC7E90057EBDC /* Controller */,
				DABFBBEE262ABAD70057EBDC /* AppDelegate.swift */,
				DABFBBF0262ABAD70057EBDC /* SceneDelegate.swift */,
				DABFBBF7262ABAD80057EBDC /* Assets.xcassets */,
				DABFBBF9262ABAD80057EBDC /* LaunchScreen.storyboard */,
				DABFBBFC262ABAD80057EBDC /* Info.plist */,
			);
			path = Mola;
			sourceTree = "<group>";
		};
		DABFBC03262AC7E90057EBDC /* Controller */ = {
			isa = PBXGroup;
			children = (
				DAABCE1D264D3CB30067DD98 /* CustomSideMenuVC.swift */,
				DAABCE09264A732F0067DD98 /* MyPageVC.swift */,
				DAA18FC026427915006E37DA /* OrderVC.swift */,
				DA6C3021263A9F8E006574FB /* MainVC.swift */,
				DAABCE27265232A70067DD98 /* OrderMenuVC.swift */,
				DA1F0543263D443200BE9E27 /* NavigationVC.swift */,
				DABFBBF2262ABAD70057EBDC /* LoginVC.swift */,
				DADBD9B1263813D6004C522B /* SplashVC.swift */,
				DA8D099B262C1B7700CF83F1 /* SignUpVC.swift */,
			);
			path = Controller;
			sourceTree = "<group>";
		};
		DADBD9A4263811ED004C522B /* Extension */ = {
			isa = PBXGroup;
			children = (
				DADBD9A526381202004C522B /* SloyTextField.swift */,
				DA6C302D263AB6B4006574FB /* String+Extansion.swift */,
			);
			path = Extension;
			sourceTree = "<group>";
		};
		DADBD9BD263823EF004C522B /* Manager */ = {
			isa = PBXGroup;
			children = (
				DADBD9B426381AFD004C522B /* DeviceManager.swift */,
			);
			path = Manager;
			sourceTree = "<group>";
		};
		DCCA126E99D59AA2A7D1B94D /* Pods */ = {
			isa = PBXGroup;
			children = (
				8B8605BC1D007FC807FCA9BB /* Pods-Mola.debug.xcconfig */,
				D810955494EFB69E61777DC0 /* Pods-Mola.release.xcconfig */,
			);
			path = Pods;
			sourceTree = "<group>";
		};
/* End PBXGroup section */

/* Begin PBXNativeTarget section */
		DABFBBEA262ABAD70057EBDC /* Mola */ = {
			isa = PBXNativeTarget;
			buildConfigurationList = DABFBBFF262ABAD80057EBDC /* Build configuration list for PBXNativeTarget "Mola" */;
			buildPhases = (
				977B9C261FA6E1E2E0762C7E /* [CP] Check Pods Manifest.lock */,
				DABFBBE7262ABAD70057EBDC /* Sources */,
				DABFBBE8262ABAD70057EBDC /* Frameworks */,
				DABFBBE9262ABAD70057EBDC /* Resources */,
				42D96A8D9A0DD696B651CED8 /* [CP] Embed Pods Frameworks */,
			);
			buildRules = (
			);
			dependencies = (
			);
			name = Mola;
			productName = Mola;
			productReference = DABFBBEB262ABAD70057EBDC /* Mola.app */;
			productType = "com.apple.product-type.application";
		};
/* End PBXNativeTarget section */

/* Begin PBXProject section */
		DABFBBE3262ABAD70057EBDC /* Project object */ = {
			isa = PBXProject;
			attributes = {
				LastSwiftUpdateCheck = 1240;
				LastUpgradeCheck = 1240;
				TargetAttributes = {
					DABFBBEA262ABAD70057EBDC = {
						CreatedOnToolsVersion = 12.4;
					};
				};
			};
			buildConfigurationList = DABFBBE6262ABAD70057EBDC /* Build configuration list for PBXProject "Mola" */;
			compatibilityVersion = "Xcode 9.3";
			developmentRegion = en;
			hasScannedForEncodings = 0;
			knownRegions = (
				en,
				Base,
			);
			mainGroup = DABFBBE2262ABAD70057EBDC;
			productRefGroup = DABFBBEC262ABAD70057EBDC /* Products */;
			projectDirPath = "";
			projectRoot = "";
			targets = (
				DABFBBEA262ABAD70057EBDC /* Mola */,
			);
		};
/* End PBXProject section */

/* Begin PBXResourcesBuildPhase section */
		DABFBBE9262ABAD70057EBDC /* Resources */ = {
			isa = PBXResourcesBuildPhase;
			buildActionMask = 2147483647;
			files = (
				DABFBBFB262ABAD80057EBDC /* LaunchScreen.storyboard in Resources */,
				DABFBBF8262ABAD80057EBDC /* Assets.xcassets in Resources */,
			);
			runOnlyForDeploymentPostprocessing = 0;
		};
/* End PBXResourcesBuildPhase section */

/* Begin PBXShellScriptBuildPhase section */
		42D96A8D9A0DD696B651CED8 /* [CP] Embed Pods Frameworks */ = {
			isa = PBXShellScriptBuildPhase;
			buildActionMask = 2147483647;
			files = (
			);
			inputFileListPaths = (
				"${PODS_ROOT}/Target Support Files/Pods-Mola/Pods-Mola-frameworks-${CONFIGURATION}-input-files.xcfilelist",
			);
			name = "[CP] Embed Pods Frameworks";
			outputFileListPaths = (
				"${PODS_ROOT}/Target Support Files/Pods-Mola/Pods-Mola-frameworks-${CONFIGURATION}-output-files.xcfilelist",
			);
			runOnlyForDeploymentPostprocessing = 0;
			shellPath = /bin/sh;
			shellScript = "\"${PODS_ROOT}/Target Support Files/Pods-Mola/Pods-Mola-frameworks.sh\"\n";
			showEnvVarsInLog = 0;
		};
		977B9C261FA6E1E2E0762C7E /* [CP] Check Pods Manifest.lock */ = {
			isa = PBXShellScriptBuildPhase;
			buildActionMask = 2147483647;
			files = (
			);
			inputFileListPaths = (
			);
			inputPaths = (
				"${PODS_PODFILE_DIR_PATH}/Podfile.lock",
				"${PODS_ROOT}/Manifest.lock",
			);
			name = "[CP] Check Pods Manifest.lock";
			outputFileListPaths = (
			);
			outputPaths = (
				"$(DERIVED_FILE_DIR)/Pods-Mola-checkManifestLockResult.txt",
			);
			runOnlyForDeploymentPostprocessing = 0;
			shellPath = /bin/sh;
			shellScript = "diff \"${PODS_PODFILE_DIR_PATH}/Podfile.lock\" \"${PODS_ROOT}/Manifest.lock\" > /dev/null\nif [ $? != 0 ] ; then\n    # print error to STDERR\n    echo \"error: The sandbox is not in sync with the Podfile.lock. Run 'pod install' or update your CocoaPods installation.\" >&2\n    exit 1\nfi\n# This output is used by Xcode 'outputs' to avoid re-running this script phase.\necho \"SUCCESS\" > \"${SCRIPT_OUTPUT_FILE_0}\"\n";
			showEnvVarsInLog = 0;
		};
/* End PBXShellScriptBuildPhase section */

/* Begin PBXSourcesBuildPhase section */
		DABFBBE7262ABAD70057EBDC /* Sources */ = {
			isa = PBXSourcesBuildPhase;
			buildActionMask = 2147483647;
			files = (
				DABFBBF3262ABAD70057EBDC /* LoginVC.swift in Sources */,
				DABFBBEF262ABAD70057EBDC /* AppDelegate.swift in Sources */,
				DA8D099C262C1B7700CF83F1 /* SignUpVC.swift in Sources */,
				DA9382BC2639368300A04F25 /* SignUpModel.swift in Sources */,
				DABFBBF1262ABAD70057EBDC /* SceneDelegate.swift in Sources */,
				DAABCE28265232A70067DD98 /* OrderMenuVC.swift in Sources */,
				DA1F0547263D495E00BE9E27 /* BottomDrawerSupplemental.swift in Sources */,
				DAABCE2E265237130067DD98 /* MyOrderCell.swift in Sources */,
				DA9382C0263937FC00A04F25 /* SignUpCell.swift in Sources */,
				DA1F0544263D443200BE9E27 /* NavigationVC.swift in Sources */,
				DAABCE1E264D3CB30067DD98 /* CustomSideMenuVC.swift in Sources */,
				DA6C302E263AB6B4006574FB /* String+Extansion.swift in Sources */,
				DADBD9A626381202004C522B /* SloyTextField.swift in Sources */,
				DAA18FBB26426BCB006E37DA /* OrderModel.swift in Sources */,
				DAABCE0A264A732F0067DD98 /* MyPageVC.swift in Sources */,
				DA6C3022263A9F8E006574FB /* MainVC.swift in Sources */,
				DADBD9B526381AFD004C522B /* DeviceManager.swift in Sources */,
				DAABCE2B265234E60067DD98 /* MyOrderModel.swift in Sources */,
				DAA18FC126427915006E37DA /* OrderVC.swift in Sources */,
				DADBD9B2263813D6004C522B /* SplashVC.swift in Sources */,
				DAA18FBE26426BE5006E37DA /* MainCell.swift in Sources */,
			);
			runOnlyForDeploymentPostprocessing = 0;
		};
/* End PBXSourcesBuildPhase section */

/* Begin PBXVariantGroup section */
		DABFBBF9262ABAD80057EBDC /* LaunchScreen.storyboard */ = {
			isa = PBXVariantGroup;
			children = (
				DABFBBFA262ABAD80057EBDC /* Base */,
			);
			name = LaunchScreen.storyboard;
			sourceTree = "<group>";
		};
/* End PBXVariantGroup section */

/* Begin XCBuildConfiguration section */
		DABFBBFD262ABAD80057EBDC /* Debug */ = {
			isa = XCBuildConfiguration;
			buildSettings = {
				ALWAYS_SEARCH_USER_PATHS = NO;
				CLANG_ANALYZER_NONNULL = YES;
				CLANG_ANALYZER_NUMBER_OBJECT_CONVERSION = YES_AGGRESSIVE;
				CLANG_CXX_LANGUAGE_STANDARD = "gnu++14";
				CLANG_CXX_LIBRARY = "libc++";
				CLANG_ENABLE_MODULES = YES;
				CLANG_ENABLE_OBJC_ARC = YES;
				CLANG_ENABLE_OBJC_WEAK = YES;
				CLANG_WARN_BLOCK_CAPTURE_AUTORELEASING = YES;
				CLANG_WARN_BOOL_CONVERSION = YES;
				CLANG_WARN_COMMA = YES;
				CLANG_WARN_CONSTANT_CONVERSION = YES;
				CLANG_WARN_DEPRECATED_OBJC_IMPLEMENTATIONS = YES;
				CLANG_WARN_DIRECT_OBJC_ISA_USAGE = YES_ERROR;
				CLANG_WARN_DOCUMENTATION_COMMENTS = YES;
				CLANG_WARN_EMPTY_BODY = YES;
				CLANG_WARN_ENUM_CONVERSION = YES;
				CLANG_WARN_INFINITE_RECURSION = YES;
				CLANG_WARN_INT_CONVERSION = YES;
				CLANG_WARN_NON_LITERAL_NULL_CONVERSION = YES;
				CLANG_WARN_OBJC_IMPLICIT_RETAIN_SELF = YES;
				CLANG_WARN_OBJC_LITERAL_CONVERSION = YES;
				CLANG_WARN_OBJC_ROOT_CLASS = YES_ERROR;
				CLANG_WARN_QUOTED_INCLUDE_IN_FRAMEWORK_HEADER = YES;
				CLANG_WARN_RANGE_LOOP_ANALYSIS = YES;
				CLANG_WARN_STRICT_PROTOTYPES = YES;
				CLANG_WARN_SUSPICIOUS_MOVE = YES;
				CLANG_WARN_UNGUARDED_AVAILABILITY = YES_AGGRESSIVE;
				CLANG_WARN_UNREACHABLE_CODE = YES;
				CLANG_WARN__DUPLICATE_METHOD_MATCH = YES;
				COPY_PHASE_STRIP = NO;
				DEBUG_INFORMATION_FORMAT = dwarf;
				ENABLE_STRICT_OBJC_MSGSEND = YES;
				ENABLE_TESTABILITY = YES;
				GCC_C_LANGUAGE_STANDARD = gnu11;
				GCC_DYNAMIC_NO_PIC = NO;
				GCC_NO_COMMON_BLOCKS = YES;
				GCC_OPTIMIZATION_LEVEL = 0;
				GCC_PREPROCESSOR_DEFINITIONS = (
					"DEBUG=1",
					"$(inherited)",
				);
				GCC_WARN_64_TO_32_BIT_CONVERSION = YES;
				GCC_WARN_ABOUT_RETURN_TYPE = YES_ERROR;
				GCC_WARN_UNDECLARED_SELECTOR = YES;
				GCC_WARN_UNINITIALIZED_AUTOS = YES_AGGRESSIVE;
				GCC_WARN_UNUSED_FUNCTION = YES;
				GCC_WARN_UNUSED_VARIABLE = YES;
				IPHONEOS_DEPLOYMENT_TARGET = 14.4;
				MTL_ENABLE_DEBUG_INFO = INCLUDE_SOURCE;
				MTL_FAST_MATH = YES;
				ONLY_ACTIVE_ARCH = YES;
				SDKROOT = iphoneos;
				SWIFT_ACTIVE_COMPILATION_CONDITIONS = DEBUG;
				SWIFT_OPTIMIZATION_LEVEL = "-Onone";
			};
			name = Debug;
		};
		DABFBBFE262ABAD80057EBDC /* Release */ = {
			isa = XCBuildConfiguration;
			buildSettings = {
				ALWAYS_SEARCH_USER_PATHS = NO;
				CLANG_ANALYZER_NONNULL = YES;
				CLANG_ANALYZER_NUMBER_OBJECT_CONVERSION = YES_AGGRESSIVE;
				CLANG_CXX_LANGUAGE_STANDARD = "gnu++14";
				CLANG_CXX_LIBRARY = "libc++";
				CLANG_ENABLE_MODULES = YES;
				CLANG_ENABLE_OBJC_ARC = YES;
				CLANG_ENABLE_OBJC_WEAK = YES;
				CLANG_WARN_BLOCK_CAPTURE_AUTORELEASING = YES;
				CLANG_WARN_BOOL_CONVERSION = YES;
				CLANG_WARN_COMMA = YES;
				CLANG_WARN_CONSTANT_CONVERSION = YES;
				CLANG_WARN_DEPRECATED_OBJC_IMPLEMENTATIONS = YES;
				CLANG_WARN_DIRECT_OBJC_ISA_USAGE = YES_ERROR;
				CLANG_WARN_DOCUMENTATION_COMMENTS = YES;
				CLANG_WARN_EMPTY_BODY = YES;
				CLANG_WARN_ENUM_CONVERSION = YES;
				CLANG_WARN_INFINITE_RECURSION = YES;
				CLANG_WARN_INT_CONVERSION = YES;
				CLANG_WARN_NON_LITERAL_NULL_CONVERSION = YES;
				CLANG_WARN_OBJC_IMPLICIT_RETAIN_SELF = YES;
				CLANG_WARN_OBJC_LITERAL_CONVERSION = YES;
				CLANG_WARN_OBJC_ROOT_CLASS = YES_ERROR;
				CLANG_WARN_QUOTED_INCLUDE_IN_FRAMEWORK_HEADER = YES;
				CLANG_WARN_RANGE_LOOP_ANALYSIS = YES;
				CLANG_WARN_STRICT_PROTOTYPES = YES;
				CLANG_WARN_SUSPICIOUS_MOVE = YES;
				CLANG_WARN_UNGUARDED_AVAILABILITY = YES_AGGRESSIVE;
				CLANG_WARN_UNREACHABLE_CODE = YES;
				CLANG_WARN__DUPLICATE_METHOD_MATCH = YES;
				COPY_PHASE_STRIP = NO;
				DEBUG_INFORMATION_FORMAT = "dwarf-with-dsym";
				ENABLE_NS_ASSERTIONS = NO;
				ENABLE_STRICT_OBJC_MSGSEND = YES;
				GCC_C_LANGUAGE_STANDARD = gnu11;
				GCC_NO_COMMON_BLOCKS = YES;
				GCC_WARN_64_TO_32_BIT_CONVERSION = YES;
				GCC_WARN_ABOUT_RETURN_TYPE = YES_ERROR;
				GCC_WARN_UNDECLARED_SELECTOR = YES;
				GCC_WARN_UNINITIALIZED_AUTOS = YES_AGGRESSIVE;
				GCC_WARN_UNUSED_FUNCTION = YES;
				GCC_WARN_UNUSED_VARIABLE = YES;
				IPHONEOS_DEPLOYMENT_TARGET = 14.4;
				MTL_ENABLE_DEBUG_INFO = NO;
				MTL_FAST_MATH = YES;
				SDKROOT = iphoneos;
				SWIFT_COMPILATION_MODE = wholemodule;
				SWIFT_OPTIMIZATION_LEVEL = "-O";
				VALIDATE_PRODUCT = YES;
			};
			name = Release;
		};
		DABFBC00262ABAD80057EBDC /* Debug */ = {
			isa = XCBuildConfiguration;
			baseConfigurationReference = 8B8605BC1D007FC807FCA9BB /* Pods-Mola.debug.xcconfig */;
			buildSettings = {
				ASSETCATALOG_COMPILER_APPICON_NAME = AppIcon;
				ASSETCATALOG_COMPILER_GLOBAL_ACCENT_COLOR_NAME = AccentColor;
				CODE_SIGN_STYLE = Automatic;
				INFOPLIST_FILE = Mola/Info.plist;
				LD_RUNPATH_SEARCH_PATHS = (
					"$(inherited)",
					"@executable_path/Frameworks",
				);
				PRODUCT_BUNDLE_IDENTIFIER = ajou.minryul.Mola;
				PRODUCT_NAME = "$(TARGET_NAME)";
				SWIFT_VERSION = 5.0;
				TARGETED_DEVICE_FAMILY = "1,2";
			};
			name = Debug;
		};
		DABFBC01262ABAD80057EBDC /* Release */ = {
			isa = XCBuildConfiguration;
			baseConfigurationReference = D810955494EFB69E61777DC0 /* Pods-Mola.release.xcconfig */;
			buildSettings = {
				ASSETCATALOG_COMPILER_APPICON_NAME = AppIcon;
				ASSETCATALOG_COMPILER_GLOBAL_ACCENT_COLOR_NAME = AccentColor;
				CODE_SIGN_STYLE = Automatic;
				INFOPLIST_FILE = Mola/Info.plist;
				LD_RUNPATH_SEARCH_PATHS = (
					"$(inherited)",
					"@executable_path/Frameworks",
				);
				PRODUCT_BUNDLE_IDENTIFIER = ajou.minryul.Mola;
				PRODUCT_NAME = "$(TARGET_NAME)";
				SWIFT_VERSION = 5.0;
				TARGETED_DEVICE_FAMILY = "1,2";
			};
			name = Release;
		};
/* End XCBuildConfiguration section */

/* Begin XCConfigurationList section */
		DABFBBE6262ABAD70057EBDC /* Build configuration list for PBXProject "Mola" */ = {
			isa = XCConfigurationList;
			buildConfigurations = (
				DABFBBFD262ABAD80057EBDC /* Debug */,
				DABFBBFE262ABAD80057EBDC /* Release */,
			);
			defaultConfigurationIsVisible = 0;
			defaultConfigurationName = Release;
		};
		DABFBBFF262ABAD80057EBDC /* Build configuration list for PBXNativeTarget "Mola" */ = {
			isa = XCConfigurationList;
			buildConfigurations = (
				DABFBC00262ABAD80057EBDC /* Debug */,
				DABFBC01262ABAD80057EBDC /* Release */,
			);
			defaultConfigurationIsVisible = 0;
			defaultConfigurationName = Release;
		};
/* End XCConfigurationList section */
	};
	rootObject = DABFBBE3262ABAD70057EBDC /* Project object */;
}
